
Microsoft Visual Studio Solution File, Format Version 12.00
# Visual Studio 14
VisualStudioVersion = 14.0.24720.0
MinimumVisualStudioVersion = 10.0.40219.1
Project("{FAE04EC0-301F-11D3-BF4B-00C04F79EFBC}") = "ServantSoftware.CommandLine", "ServantSoftware.CommandLine\ServantSoftware.CommandLine.csproj", "{67AC7D47-7614-47B5-80E6-7E1CA59F3953}"
EndProject
Project("{FAE04EC0-301F-11D3-BF4B-00C04F79EFBC}") = "CommandLineTests", "CommandLineTests\CommandLineTests.csproj", "{0847CA52-1E4A-40DE-9AAA-FDFCE93FF093}"
EndProject
Global
	GlobalSection(SolutionConfigurationPlatforms) = preSolution
		Debug|Any CPU = Debug|Any CPU
		Release|Any CPU = Release|Any CPU
	EndGlobalSection
	GlobalSection(ProjectConfigurationPlatforms) = postSolution
		{67AC7D47-7614-47B5-80E6-7E1CA59F3953}.Debug|Any CPU.ActiveCfg = Debug|Any CPU
		{67AC7D47-7614-47B5-80E6-7E1CA59F3953}.Debug|Any CPU.Build.0 = Debug|Any CPU
		{67AC7D47-7614-47B5-80E6-7E1CA59F3953}.Release|Any CPU.ActiveCfg = Release|Any CPU
		{67AC7D47-7614-47B5-80E6-7E1CA59F3953}.Release|Any CPU.Build.0 = Release|Any CPU
		{0847CA52-1E4A-40DE-9AAA-FDFCE93FF093}.Debug|Any CPU.ActiveCfg = Debug|Any CPU
		{0847CA52-1E4A-40DE-9AAA-FDFCE93FF093}.Debug|Any CPU.Build.0 = Debug|Any CPU
		{0847CA52-1E4A-40DE-9AAA-FDFCE93FF093}.Release|Any CPU.ActiveCfg = Release|Any CPU
		{0847CA52-1E4A-40DE-9AAA-FDFCE93FF093}.Release|Any CPU.Build.0 = Release|Any CPU
	EndGlobalSection
	GlobalSection(SolutionProperties) = preSolution
		HideSolutionNode = FALSE
	EndGlobalSection
EndGlobal
